
Microsoft Visual Studio Solution File, Format Version 12.00
# Visual Studio Version 17
VisualStudioVersion = 17.0.31903.59
MinimumVisualStudioVersion = 10.0.40219.1
Project("{2150E333-8FDC-42A3-9474-1A3956D46DE8}") = "src", "src", "{827E0CD3-B72D-47B6-A68D-7590B98EB39B}"
EndProject
Project("{FAE04EC0-301F-11D3-BF4B-00C04F79EFBC}") = "OrderFlow.Domain", "src\OrderFlow.Domain\OrderFlow.Domain.csproj", "{290F8B50-9559-46C5-8E89-3DD4889710F8}"
EndProject
Project("{FAE04EC0-301F-11D3-BF4B-00C04F79EFBC}") = "OrderFlow.Application", "src\OrderFlow.Application\OrderFlow.Application.csproj", "{E1F19ABD-DAD2-4DCD-B46D-FC7B8068D39F}"
EndProject
Project("{FAE04EC0-301F-11D3-BF4B-00C04F79EFBC}") = "OrderFlow.Infrastructure", "src\OrderFlow.Infrastructure\OrderFlow.Infrastructure.csproj", "{B3563C0B-C550-41D7-BFF9-D960BDF9DE45}"
EndProject
Project("{FAE04EC0-301F-11D3-BF4B-00C04F79EFBC}") = "OrderFlow.API", "src\OrderFlow.API\OrderFlow.API.csproj", "{80068D84-44E2-4563-AE8A-42796CE5180C}"
EndProject
Project("{2150E333-8FDC-42A3-9474-1A3956D46DE8}") = "tests", "tests", "{0AB3BF05-4346-4AA6-1389-037BE0695223}"
EndProject
Project("{FAE04EC0-301F-11D3-BF4B-00C04F79EFBC}") = "OrderFlow.UnitTests", "tests\OrderFlow.UnitTests\OrderFlow.UnitTests.csproj", "{C67FDA7D-E329-498B-ACC3-E9A60E4E03CC}"
EndProject
Project("{FAE04EC0-301F-11D3-BF4B-00C04F79EFBC}") = "OrderFlow.IntegrationTests", "tests\OrderFlow.IntegrationTests\OrderFlow.IntegrationTests.csproj", "{E1D2D115-F3F4-45B1-A0B4-85768109E99B}"
EndProject
Global
	GlobalSection(SolutionConfigurationPlatforms) = preSolution
		Debug|Any CPU = Debug|Any CPU
		Debug|x64 = Debug|x64
		Debug|x86 = Debug|x86
		Release|Any CPU = Release|Any CPU
		Release|x64 = Release|x64
		Release|x86 = Release|x86
	EndGlobalSection
	GlobalSection(ProjectConfigurationPlatforms) = postSolution
		{290F8B50-9559-46C5-8E89-3DD4889710F8}.Debug|Any CPU.ActiveCfg = Debug|Any CPU
		{290F8B50-9559-46C5-8E89-3DD4889710F8}.Debug|Any CPU.Build.0 = Debug|Any CPU
		{290F8B50-9559-46C5-8E89-3DD4889710F8}.Debug|x64.ActiveCfg = Debug|Any CPU
		{290F8B50-9559-46C5-8E89-3DD4889710F8}.Debug|x64.Build.0 = Debug|Any CPU
		{290F8B50-9559-46C5-8E89-3DD4889710F8}.Debug|x86.ActiveCfg = Debug|Any CPU
		{290F8B50-9559-46C5-8E89-3DD4889710F8}.Debug|x86.Build.0 = Debug|Any CPU
		{290F8B50-9559-46C5-8E89-3DD4889710F8}.Release|Any CPU.ActiveCfg = Release|Any CPU
		{290F8B50-9559-46C5-8E89-3DD4889710F8}.Release|Any CPU.Build.0 = Release|Any CPU
		{290F8B50-9559-46C5-8E89-3DD4889710F8}.Release|x64.ActiveCfg = Release|Any CPU
		{290F8B50-9559-46C5-8E89-3DD4889710F8}.Release|x64.Build.0 = Release|Any CPU
		{290F8B50-9559-46C5-8E89-3DD4889710F8}.Release|x86.ActiveCfg = Release|Any CPU
		{290F8B50-9559-46C5-8E89-3DD4889710F8}.Release|x86.Build.0 = Release|Any CPU
		{E1F19ABD-DAD2-4DCD-B46D-FC7B8068D39F}.Debug|Any CPU.ActiveCfg = Debug|Any CPU
		{E1F19ABD-DAD2-4DCD-B46D-FC7B8068D39F}.Debug|Any CPU.Build.0 = Debug|Any CPU
		{E1F19ABD-DAD2-4DCD-B46D-FC7B8068D39F}.Debug|x64.ActiveCfg = Debug|Any CPU
		{E1F19ABD-DAD2-4DCD-B46D-FC7B8068D39F}.Debug|x64.Build.0 = Debug|Any CPU
		{E1F19ABD-DAD2-4DCD-B46D-FC7B8068D39F}.Debug|x86.ActiveCfg = Debug|Any CPU
		{E1F19ABD-DAD2-4DCD-B46D-FC7B8068D39F}.Debug|x86.Build.0 = Debug|Any CPU
		{E1F19ABD-DAD2-4DCD-B46D-FC7B8068D39F}.Release|Any CPU.ActiveCfg = Release|Any CPU
		{E1F19ABD-DAD2-4DCD-B46D-FC7B8068D39F}.Release|Any CPU.Build.0 = Release|Any CPU
		{E1F19ABD-DAD2-4DCD-B46D-FC7B8068D39F}.Release|x64.ActiveCfg = Release|Any CPU
		{E1F19ABD-DAD2-4DCD-B46D-FC7B8068D39F}.Release|x64.Build.0 = Release|Any CPU
		{E1F19ABD-DAD2-4DCD-B46D-FC7B8068D39F}.Release|x86.ActiveCfg = Release|Any CPU
		{E1F19ABD-DAD2-4DCD-B46D-FC7B8068D39F}.Release|x86.Build.0 = Release|Any CPU
		{B3563C0B-C550-41D7-BFF9-D960BDF9DE45}.Debug|Any CPU.ActiveCfg = Debug|Any CPU
		{B3563C0B-C550-41D7-BFF9-D960BDF9DE45}.Debug|Any CPU.Build.0 = Debug|Any CPU
		{B3563C0B-C550-41D7-BFF9-D960BDF9DE45}.Debug|x64.ActiveCfg = Debug|Any CPU
		{B3563C0B-C550-41D7-BFF9-D960BDF9DE45}.Debug|x64.Build.0 = Debug|Any CPU
		{B3563C0B-C550-41D7-BFF9-D960BDF9DE45}.Debug|x86.ActiveCfg = Debug|Any CPU
		{B3563C0B-C550-41D7-BFF9-D960BDF9DE45}.Debug|x86.Build.0 = Debug|Any CPU
		{B3563C0B-C550-41D7-BFF9-D960BDF9DE45}.Release|Any CPU.ActiveCfg = Release|Any CPU
		{B3563C0B-C550-41D7-BFF9-D960BDF9DE45}.Release|Any CPU.Build.0 = Release|Any CPU
		{B3563C0B-C550-41D7-BFF9-D960BDF9DE45}.Release|x64.ActiveCfg = Release|Any CPU
		{B3563C0B-C550-41D7-BFF9-D960BDF9DE45}.Release|x64.Build.0 = Release|Any CPU
		{B3563C0B-C550-41D7-BFF9-D960BDF9DE45}.Release|x86.ActiveCfg = Release|Any CPU
		{B3563C0B-C550-41D7-BFF9-D960BDF9DE45}.Release|x86.Build.0 = Release|Any CPU
		{80068D84-44E2-4563-AE8A-42796CE5180C}.Debug|Any CPU.ActiveCfg = Debug|Any CPU
		{80068D84-44E2-4563-AE8A-42796CE5180C}.Debug|Any CPU.Build.0 = Debug|Any CPU
		{80068D84-44E2-4563-AE8A-42796CE5180C}.Debug|x64.ActiveCfg = Debug|Any CPU
		{80068D84-44E2-4563-AE8A-42796CE5180C}.Debug|x64.Build.0 = Debug|Any CPU
		{80068D84-44E2-4563-AE8A-42796CE5180C}.Debug|x86.ActiveCfg = Debug|Any CPU
		{80068D84-44E2-4563-AE8A-42796CE5180C}.Debug|x86.Build.0 = Debug|Any CPU
		{80068D84-44E2-4563-AE8A-42796CE5180C}.Release|Any CPU.ActiveCfg = Release|Any CPU
		{80068D84-44E2-4563-AE8A-42796CE5180C}.Release|Any CPU.Build.0 = Release|Any CPU
		{80068D84-44E2-4563-AE8A-42796CE5180C}.Release|x64.ActiveCfg = Release|Any CPU
		{80068D84-44E2-4563-AE8A-42796CE5180C}.Release|x64.Build.0 = Release|Any CPU
		{80068D84-44E2-4563-AE8A-42796CE5180C}.Release|x86.ActiveCfg = Release|Any CPU
		{80068D84-44E2-4563-AE8A-42796CE5180C}.Release|x86.Build.0 = Release|Any CPU
		{C67FDA7D-E329-498B-ACC3-E9A60E4E03CC}.Debug|Any CPU.ActiveCfg = Debug|Any CPU
		{C67FDA7D-E329-498B-ACC3-E9A60E4E03CC}.Debug|Any CPU.Build.0 = Debug|Any CPU
		{C67FDA7D-E329-498B-ACC3-E9A60E4E03CC}.Debug|x64.ActiveCfg = Debug|Any CPU
		{C67FDA7D-E329-498B-ACC3-E9A60E4E03CC}.Debug|x64.Build.0 = Debug|Any CPU
		{C67FDA7D-E329-498B-ACC3-E9A60E4E03CC}.Debug|x86.ActiveCfg = Debug|Any CPU
		{C67FDA7D-E329-498B-ACC3-E9A60E4E03CC}.Debug|x86.Build.0 = Debug|Any CPU
		{C67FDA7D-E329-498B-ACC3-E9A60E4E03CC}.Release|Any CPU.ActiveCfg = Release|Any CPU
		{C67FDA7D-E329-498B-ACC3-E9A60E4E03CC}.Release|Any CPU.Build.0 = Release|Any CPU
		{C67FDA7D-E329-498B-ACC3-E9A60E4E03CC}.Release|x64.ActiveCfg = Release|Any CPU
		{C67FDA7D-E329-498B-ACC3-E9A60E4E03CC}.Release|x64.Build.0 = Release|Any CPU
		{C67FDA7D-E329-498B-ACC3-E9A60E4E03CC}.Release|x86.ActiveCfg = Release|Any CPU
		{C67FDA7D-E329-498B-ACC3-E9A60E4E03CC}.Release|x86.Build.0 = Release|Any CPU
		{E1D2D115-F3F4-45B1-A0B4-85768109E99B}.Debug|Any CPU.ActiveCfg = Debug|Any CPU
		{E1D2D115-F3F4-45B1-A0B4-85768109E99B}.Debug|Any CPU.Build.0 = Debug|Any CPU
		{E1D2D115-F3F4-45B1-A0B4-85768109E99B}.Debug|x64.ActiveCfg = Debug|Any CPU
		{E1D2D115-F3F4-45B1-A0B4-85768109E99B}.Debug|x64.Build.0 = Debug|Any CPU
		{E1D2D115-F3F4-45B1-A0B4-85768109E99B}.Debug|x86.ActiveCfg = Debug|Any CPU
		{E1D2D115-F3F4-45B1-A0B4-85768109E99B}.Debug|x86.Build.0 = Debug|Any CPU
		{E1D2D115-F3F4-45B1-A0B4-85768109E99B}.Release|Any CPU.ActiveCfg = Release|Any CPU
		{E1D2D115-F3F4-45B1-A0B4-85768109E99B}.Release|Any CPU.Build.0 = Release|Any CPU
		{E1D2D115-F3F4-45B1-A0B4-85768109E99B}.Release|x64.ActiveCfg = Release|Any CPU
		{E1D2D115-F3F4-45B1-A0B4-85768109E99B}.Release|x64.Build.0 = Release|Any CPU
		{E1D2D115-F3F4-45B1-A0B4-85768109E99B}.Release|x86.ActiveCfg = Release|Any CPU
		{E1D2D115-F3F4-45B1-A0B4-85768109E99B}.Release|x86.Build.0 = Release|Any CPU
	EndGlobalSection
	GlobalSection(SolutionProperties) = preSolution
		HideSolutionNode = FALSE
	EndGlobalSection
	GlobalSection(NestedProjects) = preSolution
		{290F8B50-9559-46C5-8E89-3DD4889710F8} = {827E0CD3-B72D-47B6-A68D-7590B98EB39B}
		{E1F19ABD-DAD2-4DCD-B46D-FC7B8068D39F} = {827E0CD3-B72D-47B6-A68D-7590B98EB39B}
		{B3563C0B-C550-41D7-BFF9-D960BDF9DE45} = {827E0CD3-B72D-47B6-A68D-7590B98EB39B}
		{80068D84-44E2-4563-AE8A-42796CE5180C} = {827E0CD3-B72D-47B6-A68D-7590B98EB39B}
		{C67FDA7D-E329-498B-ACC3-E9A60E4E03CC} = {0AB3BF05-4346-4AA6-1389-037BE0695223}
		{E1D2D115-F3F4-45B1-A0B4-85768109E99B} = {0AB3BF05-4346-4AA6-1389-037BE0695223}
	EndGlobalSection
EndGlobal
